// !$*UTF8*$!
{
	archiveVersion = 1;
	classes = {
	};
	objectVersion = 55;
	objects = {

/* Begin PBXBuildFile section */
		DACAB960272F8F360002C4E4 /* AppDelegate.swift in Sources */ = {isa = PBXBuildFile; fileRef = DACAB95F272F8F360002C4E4 /* AppDelegate.swift */; };
		DACAB962272F8F360002C4E4 /* SceneDelegate.swift in Sources */ = {isa = PBXBuildFile; fileRef = DACAB961272F8F360002C4E4 /* SceneDelegate.swift */; };
		DACAB964272F8F360002C4E4 /* MainViewController.swift in Sources */ = {isa = PBXBuildFile; fileRef = DACAB963272F8F360002C4E4 /* MainViewController.swift */; };
		DACAB969272F8F380002C4E4 /* Assets.xcassets in Resources */ = {isa = PBXBuildFile; fileRef = DACAB968272F8F380002C4E4 /* Assets.xcassets */; };
		DACAB96C272F8F380002C4E4 /* LaunchScreen.storyboard in Resources */ = {isa = PBXBuildFile; fileRef = DACAB96A272F8F380002C4E4 /* LaunchScreen.storyboard */; };
		DACAB976272F98B30002C4E4 /* Task.swift in Sources */ = {isa = PBXBuildFile; fileRef = DACAB975272F98B30002C4E4 /* Task.swift */; };
		DACAB97A272FA9C10002C4E4 /* ListController.swift in Sources */ = {isa = PBXBuildFile; fileRef = DACAB979272FA9C10002C4E4 /* ListController.swift */; };
		DACAB97E272FEC200002C4E4 /* ListCellView.swift in Sources */ = {isa = PBXBuildFile; fileRef = DACAB97D272FEC200002C4E4 /* ListCellView.swift */; };
		DACAB980272FF5340002C4E4 /* DetailViewController.swift in Sources */ = {isa = PBXBuildFile; fileRef = DACAB97F272FF5340002C4E4 /* DetailViewController.swift */; };
		DACAB9822730B93E0002C4E4 /* AddTaskViewController.swift in Sources */ = {isa = PBXBuildFile; fileRef = DACAB9812730B93E0002C4E4 /* AddTaskViewController.swift */; };
/* End PBXBuildFile section */

/* Begin PBXFileReference section */
		DACAB95C272F8F360002C4E4 /* Test-2-BasicToDo.app */ = {isa = PBXFileReference; explicitFileType = wrapper.application; includeInIndex = 0; path = "Test-2-BasicToDo.app"; sourceTree = BUILT_PRODUCTS_DIR; };
		DACAB95F272F8F360002C4E4 /* AppDelegate.swift */ = {isa = PBXFileReference; lastKnownFileType = sourcecode.swift; path = AppDelegate.swift; sourceTree = "<group>"; };
		DACAB961272F8F360002C4E4 /* SceneDelegate.swift */ = {isa = PBXFileReference; lastKnownFileType = sourcecode.swift; path = SceneDelegate.swift; sourceTree = "<group>"; };
		DACAB963272F8F360002C4E4 /* MainViewController.swift */ = {isa = PBXFileReference; lastKnownFileType = sourcecode.swift; path = MainViewController.swift; sourceTree = "<group>"; };
		DACAB968272F8F380002C4E4 /* Assets.xcassets */ = {isa = PBXFileReference; lastKnownFileType = folder.assetcatalog; path = Assets.xcassets; sourceTree = "<group>"; };
		DACAB96B272F8F380002C4E4 /* Base */ = {isa = PBXFileReference; lastKnownFileType = file.storyboard; name = Base; path = Base.lproj/LaunchScreen.storyboard; sourceTree = "<group>"; };
		DACAB96D272F8F380002C4E4 /* Info.plist */ = {isa = PBXFileReference; lastKnownFileType = text.plist.xml; path = Info.plist; sourceTree = "<group>"; };
		DACAB975272F98B30002C4E4 /* Task.swift */ = {isa = PBXFileReference; lastKnownFileType = sourcecode.swift; path = Task.swift; sourceTree = "<group>"; };
		DACAB979272FA9C10002C4E4 /* ListController.swift */ = {isa = PBXFileReference; lastKnownFileType = sourcecode.swift; path = ListController.swift; sourceTree = "<group>"; };
		DACAB97D272FEC200002C4E4 /* ListCellView.swift */ = {isa = PBXFileReference; lastKnownFileType = sourcecode.swift; path = ListCellView.swift; sourceTree = "<group>"; };
		DACAB97F272FF5340002C4E4 /* DetailViewController.swift */ = {isa = PBXFileReference; lastKnownFileType = sourcecode.swift; path = DetailViewController.swift; sourceTree = "<group>"; };
		DACAB9812730B93E0002C4E4 /* AddTaskViewController.swift */ = {isa = PBXFileReference; lastKnownFileType = sourcecode.swift; path = AddTaskViewController.swift; sourceTree = "<group>"; };
/* End PBXFileReference section */

/* Begin PBXFrameworksBuildPhase section */
		DACAB959272F8F360002C4E4 /* Frameworks */ = {
			isa = PBXFrameworksBuildPhase;
			buildActionMask = 2147483647;
			files = (
			);
			runOnlyForDeploymentPostprocessing = 0;
		};
/* End PBXFrameworksBuildPhase section */

/* Begin PBXGroup section */
		DACAB953272F8F360002C4E4 = {
			isa = PBXGroup;
			children = (
				DACAB95E272F8F360002C4E4 /* Test-2-BasicToDo */,
				DACAB95D272F8F360002C4E4 /* Products */,
			);
			sourceTree = "<group>";
		};
		DACAB95D272F8F360002C4E4 /* Products */ = {
			isa = PBXGroup;
			children = (
				DACAB95C272F8F360002C4E4 /* Test-2-BasicToDo.app */,
			);
			name = Products;
			sourceTree = "<group>";
		};
		DACAB95E272F8F360002C4E4 /* Test-2-BasicToDo */ = {
			isa = PBXGroup;
			children = (
				DACAB95F272F8F360002C4E4 /* AppDelegate.swift */,
				DACAB961272F8F360002C4E4 /* SceneDelegate.swift */,
				DACAB963272F8F360002C4E4 /* MainViewController.swift */,
				DACAB979272FA9C10002C4E4 /* ListController.swift */,
				DACAB97D272FEC200002C4E4 /* ListCellView.swift */,
				DACAB97F272FF5340002C4E4 /* DetailViewController.swift */,
				DACAB9812730B93E0002C4E4 /* AddTaskViewController.swift */,
				DACAB975272F98B30002C4E4 /* Task.swift */,
				DACAB968272F8F380002C4E4 /* Assets.xcassets */,
				DACAB96A272F8F380002C4E4 /* LaunchScreen.storyboard */,
				DACAB96D272F8F380002C4E4 /* Info.plist */,
			);
			path = "Test-2-BasicToDo";
			sourceTree = "<group>";
		};
/* End PBXGroup section */

/* Begin PBXNativeTarget section */
		DACAB95B272F8F360002C4E4 /* Test-2-BasicToDo */ = {
			isa = PBXNativeTarget;
			buildConfigurationList = DACAB970272F8F380002C4E4 /* Build configuration list for PBXNativeTarget "Test-2-BasicToDo" */;
			buildPhases = (
				DACAB958272F8F360002C4E4 /* Sources */,
				DACAB959272F8F360002C4E4 /* Frameworks */,
				DACAB95A272F8F360002C4E4 /* Resources */,
			);
			buildRules = (
			);
			dependencies = (
			);
			name = "Test-2-BasicToDo";
			productName = "Test-2-BasicToDo";
			productReference = DACAB95C272F8F360002C4E4 /* Test-2-BasicToDo.app */;
			productType = "com.apple.product-type.application";
		};
/* End PBXNativeTarget section */

/* Begin PBXProject section */
		DACAB954272F8F360002C4E4 /* Project object */ = {
			isa = PBXProject;
			attributes = {
				BuildIndependentTargetsInParallel = 1;
				LastSwiftUpdateCheck = 1300;
				LastUpgradeCheck = 1300;
				TargetAttributes = {
					DACAB95B272F8F360002C4E4 = {
						CreatedOnToolsVersion = 13.0;
					};
				};
			};
			buildConfigurationList = DACAB957272F8F360002C4E4 /* Build configuration list for PBXProject "Test-2-BasicToDo" */;
			compatibilityVersion = "Xcode 13.0";
			developmentRegion = en;
			hasScannedForEncodings = 0;
			knownRegions = (
				en,
				Base,
			);
			mainGroup = DACAB953272F8F360002C4E4;
			productRefGroup = DACAB95D272F8F360002C4E4 /* Products */;
			projectDirPath = "";
			projectRoot = "";
			targets = (
				DACAB95B272F8F360002C4E4 /* Test-2-BasicToDo */,
			);
		};
/* End PBXProject section */

/* Begin PBXResourcesBuildPhase section */
		DACAB95A272F8F360002C4E4 /* Resources */ = {
			isa = PBXResourcesBuildPhase;
			buildActionMask = 2147483647;
			files = (
				DACAB96C272F8F380002C4E4 /* LaunchScreen.storyboard in Resources */,
				DACAB969272F8F380002C4E4 /* Assets.xcassets in Resources */,
			);
			runOnlyForDeploymentPostprocessing = 0;
		};
/* End PBXResourcesBuildPhase section */

/* Begin PBXSourcesBuildPhase section */
		DACAB958272F8F360002C4E4 /* Sources */ = {
			isa = PBXSourcesBuildPhase;
			buildActionMask = 2147483647;
			files = (
				DACAB964272F8F360002C4E4 /* MainViewController.swift in Sources */,
				DACAB9822730B93E0002C4E4 /* AddTaskViewController.swift in Sources */,
				DACAB97A272FA9C10002C4E4 /* ListController.swift in Sources */,
				DACAB97E272FEC200002C4E4 /* ListCellView.swift in Sources */,
				DACAB960272F8F360002C4E4 /* AppDelegate.swift in Sources */,
				DACAB976272F98B30002C4E4 /* Task.swift in Sources */,
				DACAB962272F8F360002C4E4 /* SceneDelegate.swift in Sources */,
				DACAB980272FF5340002C4E4 /* DetailViewController.swift in Sources */,
			);
			runOnlyForDeploymentPostprocessing = 0;
		};
/* End PBXSourcesBuildPhase section */

/* Begin PBXVariantGroup section */
		DACAB96A272F8F380002C4E4 /* LaunchScreen.storyboard */ = {
			isa = PBXVariantGroup;
			children = (
				DACAB96B272F8F380002C4E4 /* Base */,
			);
			name = LaunchScreen.storyboard;
			sourceTree = "<group>";
		};
/* End PBXVariantGroup section */

/* Begin XCBuildConfiguration section */
		DACAB96E272F8F380002C4E4 /* Debug */ = {
			isa = XCBuildConfiguration;
			buildSettings = {
				ALWAYS_SEARCH_USER_PATHS = NO;
				CLANG_ANALYZER_NONNULL = YES;
				CLANG_ANALYZER_NUMBER_OBJECT_CONVERSION = YES_AGGRESSIVE;
				CLANG_CXX_LANGUAGE_STANDARD = "gnu++17";
				CLANG_CXX_LIBRARY = "libc++";
				CLANG_ENABLE_MODULES = YES;
				CLANG_ENABLE_OBJC_ARC = YES;
				CLANG_ENABLE_OBJC_WEAK = YES;
				CLANG_WARN_BLOCK_CAPTURE_AUTORELEASING = YES;
				CLANG_WARN_BOOL_CONVERSION = YES;
				CLANG_WARN_COMMA = YES;
				CLANG_WARN_CONSTANT_CONVERSION = YES;
				CLANG_WARN_DEPRECATED_OBJC_IMPLEMENTATIONS = YES;
				CLANG_WARN_DIRECT_OBJC_ISA_USAGE = YES_ERROR;
				CLANG_WARN_DOCUMENTATION_COMMENTS = YES;
				CLANG_WARN_EMPTY_BODY = YES;
				CLANG_WARN_ENUM_CONVERSION = YES;
				CLANG_WARN_INFINITE_RECURSION = YES;
				CLANG_WARN_INT_CONVERSION = YES;
				CLANG_WARN_NON_LITERAL_NULL_CONVERSION = YES;
				CLANG_WARN_OBJC_IMPLICIT_RETAIN_SELF = YES;
				CLANG_WARN_OBJC_LITERAL_CONVERSION = YES;
				CLANG_WARN_OBJC_ROOT_CLASS = YES_ERROR;
				CLANG_WARN_QUOTED_INCLUDE_IN_FRAMEWORK_HEADER = YES;
				CLANG_WARN_RANGE_LOOP_ANALYSIS = YES;
				CLANG_WARN_STRICT_PROTOTYPES = YES;
				CLANG_WARN_SUSPICIOUS_MOVE = YES;
				CLANG_WARN_UNGUARDED_AVAILABILITY = YES_AGGRESSIVE;
				CLANG_WARN_UNREACHABLE_CODE = YES;
				CLANG_WARN__DUPLICATE_METHOD_MATCH = YES;
				COPY_PHASE_STRIP = NO;
				DEBUG_INFORMATION_FORMAT = dwarf;
				ENABLE_STRICT_OBJC_MSGSEND = YES;
				ENABLE_TESTABILITY = YES;
				GCC_C_LANGUAGE_STANDARD = gnu11;
				GCC_DYNAMIC_NO_PIC = NO;
				GCC_NO_COMMON_BLOCKS = YES;
				GCC_OPTIMIZATION_LEVEL = 0;
				GCC_PREPROCESSOR_DEFINITIONS = (
					"DEBUG=1",
					"$(inherited)",
				);
				GCC_WARN_64_TO_32_BIT_CONVERSION = YES;
				GCC_WARN_ABOUT_RETURN_TYPE = YES_ERROR;
				GCC_WARN_UNDECLARED_SELECTOR = YES;
				GCC_WARN_UNINITIALIZED_AUTOS = YES_AGGRESSIVE;
				GCC_WARN_UNUSED_FUNCTION = YES;
				GCC_WARN_UNUSED_VARIABLE = YES;
				IPHONEOS_DEPLOYMENT_TARGET = 15.0;
				MTL_ENABLE_DEBUG_INFO = INCLUDE_SOURCE;
				MTL_FAST_MATH = YES;
				ONLY_ACTIVE_ARCH = YES;
				SDKROOT = iphoneos;
				SWIFT_ACTIVE_COMPILATION_CONDITIONS = DEBUG;
				SWIFT_OPTIMIZATION_LEVEL = "-Onone";
			};
			name = Debug;
		};
		DACAB96F272F8F380002C4E4 /* Release */ = {
			isa = XCBuildConfiguration;
			buildSettings = {
				ALWAYS_SEARCH_USER_PATHS = NO;
				CLANG_ANALYZER_NONNULL = YES;
				CLANG_ANALYZER_NUMBER_OBJECT_CONVERSION = YES_AGGRESSIVE;
				CLANG_CXX_LANGUAGE_STANDARD = "gnu++17";
				CLANG_CXX_LIBRARY = "libc++";
				CLANG_ENABLE_MODULES = YES;
				CLANG_ENABLE_OBJC_ARC = YES;
				CLANG_ENABLE_OBJC_WEAK = YES;
				CLANG_WARN_BLOCK_CAPTURE_AUTORELEASING = YES;
				CLANG_WARN_BOOL_CONVERSION = YES;
				CLANG_WARN_COMMA = YES;
				CLANG_WARN_CONSTANT_CONVERSION = YES;
				CLANG_WARN_DEPRECATED_OBJC_IMPLEMENTATIONS = YES;
				CLANG_WARN_DIRECT_OBJC_ISA_USAGE = YES_ERROR;
				CLANG_WARN_DOCUMENTATION_COMMENTS = YES;
				CLANG_WARN_EMPTY_BODY = YES;
				CLANG_WARN_ENUM_CONVERSION = YES;
				CLANG_WARN_INFINITE_RECURSION = YES;
				CLANG_WARN_INT_CONVERSION = YES;
				CLANG_WARN_NON_LITERAL_NULL_CONVERSION = YES;
				CLANG_WARN_OBJC_IMPLICIT_RETAIN_SELF = YES;
				CLANG_WARN_OBJC_LITERAL_CONVERSION = YES;
				CLANG_WARN_OBJC_ROOT_CLASS = YES_ERROR;
				CLANG_WARN_QUOTED_INCLUDE_IN_FRAMEWORK_HEADER = YES;
				CLANG_WARN_RANGE_LOOP_ANALYSIS = YES;
				CLANG_WARN_STRICT_PROTOTYPES = YES;
				CLANG_WARN_SUSPICIOUS_MOVE = YES;
				CLANG_WARN_UNGUARDED_AVAILABILITY = YES_AGGRESSIVE;
				CLANG_WARN_UNREACHABLE_CODE = YES;
				CLANG_WARN__DUPLICATE_METHOD_MATCH = YES;
				COPY_PHASE_STRIP = NO;
				DEBUG_INFORMATION_FORMAT = "dwarf-with-dsym";
				ENABLE_NS_ASSERTIONS = NO;
				ENABLE_STRICT_OBJC_MSGSEND = YES;
				GCC_C_LANGUAGE_STANDARD = gnu11;
				GCC_NO_COMMON_BLOCKS = YES;
				GCC_WARN_64_TO_32_BIT_CONVERSION = YES;
				GCC_WARN_ABOUT_RETURN_TYPE = YES_ERROR;
				GCC_WARN_UNDECLARED_SELECTOR = YES;
				GCC_WARN_UNINITIALIZED_AUTOS = YES_AGGRESSIVE;
				GCC_WARN_UNUSED_FUNCTION = YES;
				GCC_WARN_UNUSED_VARIABLE = YES;
				IPHONEOS_DEPLOYMENT_TARGET = 15.0;
				MTL_ENABLE_DEBUG_INFO = NO;
				MTL_FAST_MATH = YES;
				SDKROOT = iphoneos;
				SWIFT_COMPILATION_MODE = wholemodule;
				SWIFT_OPTIMIZATION_LEVEL = "-O";
				VALIDATE_PRODUCT = YES;
			};
			name = Release;
		};
		DACAB971272F8F380002C4E4 /* Debug */ = {
			isa = XCBuildConfiguration;
			buildSettings = {
				ASSETCATALOG_COMPILER_APPICON_NAME = AppIcon;
				ASSETCATALOG_COMPILER_GLOBAL_ACCENT_COLOR_NAME = AccentColor;
				CODE_SIGN_STYLE = Automatic;
				CURRENT_PROJECT_VERSION = 1;
				DEVELOPMENT_TEAM = 25N4RM25AY;
				GENERATE_INFOPLIST_FILE = YES;
				INFOPLIST_FILE = "Test-2-BasicToDo/Info.plist";
				INFOPLIST_KEY_UIApplicationSupportsIndirectInputEvents = YES;
				INFOPLIST_KEY_UILaunchStoryboardName = LaunchScreen;
				INFOPLIST_KEY_UISupportedInterfaceOrientations_iPad = "UIInterfaceOrientationPortrait UIInterfaceOrientationPortraitUpsideDown UIInterfaceOrientationLandscapeLeft UIInterfaceOrientationLandscapeRight";
				INFOPLIST_KEY_UISupportedInterfaceOrientations_iPhone = "UIInterfaceOrientationPortrait UIInterfaceOrientationLandscapeLeft UIInterfaceOrientationLandscapeRight";
				LD_RUNPATH_SEARCH_PATHS = (
					"$(inherited)",
					"@executable_path/Frameworks",
				);
				MARKETING_VERSION = 1.0;
				PRODUCT_BUNDLE_IDENTIFIER = "com.yangwang.Test-2-BasicToDo";
				PRODUCT_NAME = "$(TARGET_NAME)";
				SWIFT_EMIT_LOC_STRINGS = YES;
				SWIFT_VERSION = 5.0;
				TARGETED_DEVICE_FAMILY = "1,2";
			};
			name = Debug;
		};
		DACAB972272F8F380002C4E4 /* Release */ = {
			isa = XCBuildConfiguration;
			buildSettings = {
				ASSETCATALOG_COMPILER_APPICON_NAME = AppIcon;
				ASSETCATALOG_COMPILER_GLOBAL_ACCENT_COLOR_NAME = AccentColor;
				CODE_SIGN_STYLE = Automatic;
				CURRENT_PROJECT_VERSION = 1;
				DEVELOPMENT_TEAM = 25N4RM25AY;
				GENERATE_INFOPLIST_FILE = YES;
				INFOPLIST_FILE = "Test-2-BasicToDo/Info.plist";
				INFOPLIST_KEY_UIApplicationSupportsIndirectInputEvents = YES;
				INFOPLIST_KEY_UILaunchStoryboardName = LaunchScreen;
				INFOPLIST_KEY_UISupportedInterfaceOrientations_iPad = "UIInterfaceOrientationPortrait UIInterfaceOrientationPortraitUpsideDown UIInterfaceOrientationLandscapeLeft UIInterfaceOrientationLandscapeRight";
				INFOPLIST_KEY_UISupportedInterfaceOrientations_iPhone = "UIInterfaceOrientationPortrait UIInterfaceOrientationLandscapeLeft UIInterfaceOrientationLandscapeRight";
				LD_RUNPATH_SEARCH_PATHS = (
					"$(inherited)",
					"@executable_path/Frameworks",
				);
				MARKETING_VERSION = 1.0;
				PRODUCT_BUNDLE_IDENTIFIER = "com.yangwang.Test-2-BasicToDo";
				PRODUCT_NAME = "$(TARGET_NAME)";
				SWIFT_EMIT_LOC_STRINGS = YES;
				SWIFT_VERSION = 5.0;
				TARGETED_DEVICE_FAMILY = "1,2";
			};
			name = Release;
		};
/* End XCBuildConfiguration section */

/* Begin XCConfigurationList section */
		DACAB957272F8F360002C4E4 /* Build configuration list for PBXProject "Test-2-BasicToDo" */ = {
			isa = XCConfigurationList;
			buildConfigurations = (
				DACAB96E272F8F380002C4E4 /* Debug */,
				DACAB96F272F8F380002C4E4 /* Release */,
			);
			defaultConfigurationIsVisible = 0;
			defaultConfigurationName = Release;
		};
		DACAB970272F8F380002C4E4 /* Build configuration list for PBXNativeTarget "Test-2-BasicToDo" */ = {
			isa = XCConfigurationList;
			buildConfigurations = (
				DACAB971272F8F380002C4E4 /* Debug */,
				DACAB972272F8F380002C4E4 /* Release */,
			);
			defaultConfigurationIsVisible = 0;
			defaultConfigurationName = Release;
		};
/* End XCConfigurationList section */
	};
	rootObject = DACAB954272F8F360002C4E4 /* Project object */;
}
